// !$*UTF8*$!
{
	archiveVersion = 1;
	classes = {
	};
	objectVersion = 48;
	objects = {

/* Begin PBXBuildFile section */
		96877FA009B54D767DD29D8C /* Pods_tj_vcam.framework in Frameworks */ = {isa = PBXBuildFile; fileRef = 04C997BEB88ACCCB04DDFBF1 /* Pods_tj_vcam.framework */; };
		FEF13C3621257940006EECE0 /* main.swift in Sources */ = {isa = PBXBuildFile; fileRef = FEF13C3521257940006EECE0 /* main.swift */; };
/* End PBXBuildFile section */

/* Begin PBXCopyFilesBuildPhase section */
		FEF13C3021257940006EECE0 /* CopyFiles */ = {
			isa = PBXCopyFilesBuildPhase;
			buildActionMask = 2147483647;
			dstPath = /usr/share/man/man1/;
			dstSubfolderSpec = 0;
			files = (
			);
			runOnlyForDeploymentPostprocessing = 1;
		};
/* End PBXCopyFilesBuildPhase section */

/* Begin PBXFileReference section */
		04C997BEB88ACCCB04DDFBF1 /* Pods_tj_vcam.framework */ = {isa = PBXFileReference; explicitFileType = wrapper.framework; includeInIndex = 0; path = Pods_tj_vcam.framework; sourceTree = BUILT_PRODUCTS_DIR; };
		342C1CB014EDBA9504D9B7B0 /* Pods-tj-vcam.debug.xcconfig */ = {isa = PBXFileReference; includeInIndex = 1; lastKnownFileType = text.xcconfig; name = "Pods-tj-vcam.debug.xcconfig"; path = "Pods/Target Support Files/Pods-tj-vcam/Pods-tj-vcam.debug.xcconfig"; sourceTree = "<group>"; };
		8D0C70199DC45A54225A7CBE /* Pods-tj-vcam.release.xcconfig */ = {isa = PBXFileReference; includeInIndex = 1; lastKnownFileType = text.xcconfig; name = "Pods-tj-vcam.release.xcconfig"; path = "Pods/Target Support Files/Pods-tj-vcam/Pods-tj-vcam.release.xcconfig"; sourceTree = "<group>"; };
		FEF13C3221257940006EECE0 /* tj-vcam */ = {isa = PBXFileReference; explicitFileType = "compiled.mach-o.executable"; includeInIndex = 0; path = "tj-vcam"; sourceTree = BUILT_PRODUCTS_DIR; };
		FEF13C3521257940006EECE0 /* main.swift */ = {isa = PBXFileReference; lastKnownFileType = sourcecode.swift; path = main.swift; sourceTree = "<group>"; };
/* End PBXFileReference section */

/* Begin PBXFrameworksBuildPhase section */
		FEF13C2F21257940006EECE0 /* Frameworks */ = {
			isa = PBXFrameworksBuildPhase;
			buildActionMask = 2147483647;
			files = (
				96877FA009B54D767DD29D8C /* Pods_tj_vcam.framework in Frameworks */,
			);
			runOnlyForDeploymentPostprocessing = 0;
		};
/* End PBXFrameworksBuildPhase section */

/* Begin PBXGroup section */
		A55642671C0F89B782C08349 /* Pods */ = {
			isa = PBXGroup;
			children = (
				342C1CB014EDBA9504D9B7B0 /* Pods-tj-vcam.debug.xcconfig */,
				8D0C70199DC45A54225A7CBE /* Pods-tj-vcam.release.xcconfig */,
			);
			name = Pods;
			sourceTree = "<group>";
		};
		F11F7EFC50175ADA32611E80 /* Frameworks */ = {
			isa = PBXGroup;
			children = (
				04C997BEB88ACCCB04DDFBF1 /* Pods_tj_vcam.framework */,
			);
			name = Frameworks;
			sourceTree = "<group>";
		};
		FEF13C2921257940006EECE0 = {
			isa = PBXGroup;
			children = (
				FEF13C3421257940006EECE0 /* tj-vcam */,
				FEF13C3321257940006EECE0 /* Products */,
				A55642671C0F89B782C08349 /* Pods */,
				F11F7EFC50175ADA32611E80 /* Frameworks */,
			);
			sourceTree = "<group>";
		};
		FEF13C3321257940006EECE0 /* Products */ = {
			isa = PBXGroup;
			children = (
				FEF13C3221257940006EECE0 /* tj-vcam */,
			);
			name = Products;
			sourceTree = "<group>";
		};
		FEF13C3421257940006EECE0 /* tj-vcam */ = {
			isa = PBXGroup;
			children = (
				FEF13C3521257940006EECE0 /* main.swift */,
			);
			path = "tj-vcam";
			sourceTree = "<group>";
		};
/* End PBXGroup section */

/* Begin PBXNativeTarget section */
		FEF13C3121257940006EECE0 /* tj-vcam */ = {
			isa = PBXNativeTarget;
			buildConfigurationList = FEF13C3921257940006EECE0 /* Build configuration list for PBXNativeTarget "tj-vcam" */;
			buildPhases = (
				D4834AF8E4E4E79F6A7570A5 /* [CP] Check Pods Manifest.lock */,
				FEF13C2E21257940006EECE0 /* Sources */,
				FEF13C2F21257940006EECE0 /* Frameworks */,
				FEF13C3021257940006EECE0 /* CopyFiles */,
				412C5FF30AE15F4273C9E282 /* [CP] Copy Pods Resources */,
			);
			buildRules = (
			);
			dependencies = (
			);
			name = "tj-vcam";
			productName = "tj-vcam";
			productReference = FEF13C3221257940006EECE0 /* tj-vcam */;
			productType = "com.apple.product-type.tool";
		};
/* End PBXNativeTarget section */

/* Begin PBXProject section */
		FEF13C2A21257940006EECE0 /* Project object */ = {
			isa = PBXProject;
			attributes = {
				LastSwiftUpdateCheck = 0920;
				LastUpgradeCheck = 0920;
				ORGANIZATIONNAME = tajoy;
				TargetAttributes = {
					FEF13C3121257940006EECE0 = {
						CreatedOnToolsVersion = 9.2;
						ProvisioningStyle = Automatic;
					};
				};
			};
			buildConfigurationList = FEF13C2D21257940006EECE0 /* Build configuration list for PBXProject "tj-vcam" */;
			compatibilityVersion = "Xcode 8.0";
			developmentRegion = en;
			hasScannedForEncodings = 0;
			knownRegions = (
				en,
			);
			mainGroup = FEF13C2921257940006EECE0;
			productRefGroup = FEF13C3321257940006EECE0 /* Products */;
			projectDirPath = "";
			projectRoot = "";
			targets = (
				FEF13C3121257940006EECE0 /* tj-vcam */,
			);
		};
/* End PBXProject section */

/* Begin PBXShellScriptBuildPhase section */
		412C5FF30AE15F4273C9E282 /* [CP] Copy Pods Resources */ = {
			isa = PBXShellScriptBuildPhase;
			buildActionMask = 2147483647;
			files = (
			);
			inputPaths = (
			);
			name = "[CP] Copy Pods Resources";
			outputPaths = (
			);
			runOnlyForDeploymentPostprocessing = 0;
			shellPath = /bin/sh;
			shellScript = "\"${SRCROOT}/Pods/Target Support Files/Pods-tj-vcam/Pods-tj-vcam-resources.sh\"\n";
			showEnvVarsInLog = 0;
		};
		D4834AF8E4E4E79F6A7570A5 /* [CP] Check Pods Manifest.lock */ = {
			isa = PBXShellScriptBuildPhase;
			buildActionMask = 2147483647;
			files = (
			);
			inputPaths = (
				"${PODS_PODFILE_DIR_PATH}/Podfile.lock",
				"${PODS_ROOT}/Manifest.lock",
			);
			name = "[CP] Check Pods Manifest.lock";
			outputPaths = (
				"$(DERIVED_FILE_DIR)/Pods-tj-vcam-checkManifestLockResult.txt",
			);
			runOnlyForDeploymentPostprocessing = 0;
			shellPath = /bin/sh;
			shellScript = "diff \"${PODS_PODFILE_DIR_PATH}/Podfile.lock\" \"${PODS_ROOT}/Manifest.lock\" > /dev/null\nif [ $? != 0 ] ; then\n    # print error to STDERR\n    echo \"error: The sandbox is not in sync with the Podfile.lock. Run 'pod install' or update your CocoaPods installation.\" >&2\n    exit 1\nfi\n# This output is used by Xcode 'outputs' to avoid re-running this script phase.\necho \"SUCCESS\" > \"${SCRIPT_OUTPUT_FILE_0}\"\n";
			showEnvVarsInLog = 0;
		};
/* End PBXShellScriptBuildPhase section */

/* Begin PBXSourcesBuildPhase section */
		FEF13C2E21257940006EECE0 /* Sources */ = {
			isa = PBXSourcesBuildPhase;
			buildActionMask = 2147483647;
			files = (
				FEF13C3621257940006EECE0 /* main.swift in Sources */,
			);
			runOnlyForDeploymentPostprocessing = 0;
		};
/* End PBXSourcesBuildPhase section */

/* Begin XCBuildConfiguration section */
		FEF13C3721257940006EECE0 /* Debug */ = {
			isa = XCBuildConfiguration;
			buildSettings = {
				ALWAYS_SEARCH_USER_PATHS = NO;
				CLANG_ANALYZER_NONNULL = YES;
				CLANG_ANALYZER_NUMBER_OBJECT_CONVERSION = YES_AGGRESSIVE;
				CLANG_CXX_LANGUAGE_STANDARD = "gnu++14";
				CLANG_CXX_LIBRARY = "libc++";
				CLANG_ENABLE_MODULES = YES;
				CLANG_ENABLE_OBJC_ARC = YES;
				CLANG_WARN_BLOCK_CAPTURE_AUTORELEASING = YES;
				CLANG_WARN_BOOL_CONVERSION = YES;
				CLANG_WARN_COMMA = YES;
				CLANG_WARN_CONSTANT_CONVERSION = YES;
				CLANG_WARN_DIRECT_OBJC_ISA_USAGE = YES_ERROR;
				CLANG_WARN_DOCUMENTATION_COMMENTS = YES;
				CLANG_WARN_EMPTY_BODY = YES;
				CLANG_WARN_ENUM_CONVERSION = YES;
				CLANG_WARN_INFINITE_RECURSION = YES;
				CLANG_WARN_INT_CONVERSION = YES;
				CLANG_WARN_NON_LITERAL_NULL_CONVERSION = YES;
				CLANG_WARN_OBJC_LITERAL_CONVERSION = YES;
				CLANG_WARN_OBJC_ROOT_CLASS = YES_ERROR;
				CLANG_WARN_RANGE_LOOP_ANALYSIS = YES;
				CLANG_WARN_STRICT_PROTOTYPES = YES;
				CLANG_WARN_SUSPICIOUS_MOVE = YES;
				CLANG_WARN_UNGUARDED_AVAILABILITY = YES_AGGRESSIVE;
				CLANG_WARN_UNREACHABLE_CODE = YES;
				CLANG_WARN__DUPLICATE_METHOD_MATCH = YES;
				CODE_SIGN_IDENTITY = "-";
				COPY_PHASE_STRIP = NO;
				DEBUG_INFORMATION_FORMAT = dwarf;
				ENABLE_STRICT_OBJC_MSGSEND = YES;
				ENABLE_TESTABILITY = YES;
				GCC_C_LANGUAGE_STANDARD = gnu11;
				GCC_DYNAMIC_NO_PIC = NO;
				GCC_NO_COMMON_BLOCKS = YES;
				GCC_OPTIMIZATION_LEVEL = 0;
				GCC_PREPROCESSOR_DEFINITIONS = (
					"DEBUG=1",
					"$(inherited)",
				);
				GCC_WARN_64_TO_32_BIT_CONVERSION = YES;
				GCC_WARN_ABOUT_RETURN_TYPE = YES_ERROR;
				GCC_WARN_UNDECLARED_SELECTOR = YES;
				GCC_WARN_UNINITIALIZED_AUTOS = YES_AGGRESSIVE;
				GCC_WARN_UNUSED_FUNCTION = YES;
				GCC_WARN_UNUSED_VARIABLE = YES;
				MACOSX_DEPLOYMENT_TARGET = 10.13;
				MTL_ENABLE_DEBUG_INFO = YES;
				ONLY_ACTIVE_ARCH = YES;
				SDKROOT = macosx;
				SWIFT_ACTIVE_COMPILATION_CONDITIONS = DEBUG;
				SWIFT_OPTIMIZATION_LEVEL = "-Onone";
			};
			name = Debug;
		};
		FEF13C3821257940006EECE0 /* Release */ = {
			isa = XCBuildConfiguration;
			buildSettings = {
				ALWAYS_SEARCH_USER_PATHS = NO;
				CLANG_ANALYZER_NONNULL = YES;
				CLANG_ANALYZER_NUMBER_OBJECT_CONVERSION = YES_AGGRESSIVE;
				CLANG_CXX_LANGUAGE_STANDARD = "gnu++14";
				CLANG_CXX_LIBRARY = "libc++";
				CLANG_ENABLE_MODULES = YES;
				CLANG_ENABLE_OBJC_ARC = YES;
				CLANG_WARN_BLOCK_CAPTURE_AUTORELEASING = YES;
				CLANG_WARN_BOOL_CONVERSION = YES;
				CLANG_WARN_COMMA = YES;
				CLANG_WARN_CONSTANT_CONVERSION = YES;
				CLANG_WARN_DIRECT_OBJC_ISA_USAGE = YES_ERROR;
				CLANG_WARN_DOCUMENTATION_COMMENTS = YES;
				CLANG_WARN_EMPTY_BODY = YES;
				CLANG_WARN_ENUM_CONVERSION = YES;
				CLANG_WARN_INFINITE_RECURSION = YES;
				CLANG_WARN_INT_CONVERSION = YES;
				CLANG_WARN_NON_LITERAL_NULL_CONVERSION = YES;
				CLANG_WARN_OBJC_LITERAL_CONVERSION = YES;
				CLANG_WARN_OBJC_ROOT_CLASS = YES_ERROR;
				CLANG_WARN_RANGE_LOOP_ANALYSIS = YES;
				CLANG_WARN_STRICT_PROTOTYPES = YES;
				CLANG_WARN_SUSPICIOUS_MOVE = YES;
				CLANG_WARN_UNGUARDED_AVAILABILITY = YES_AGGRESSIVE;
				CLANG_WARN_UNREACHABLE_CODE = YES;
				CLANG_WARN__DUPLICATE_METHOD_MATCH = YES;
				CODE_SIGN_IDENTITY = "-";
				COPY_PHASE_STRIP = NO;
				DEBUG_INFORMATION_FORMAT = "dwarf-with-dsym";
				ENABLE_NS_ASSERTIONS = NO;
				ENABLE_STRICT_OBJC_MSGSEND = YES;
				GCC_C_LANGUAGE_STANDARD = gnu11;
				GCC_NO_COMMON_BLOCKS = YES;
				GCC_WARN_64_TO_32_BIT_CONVERSION = YES;
				GCC_WARN_ABOUT_RETURN_TYPE = YES_ERROR;
				GCC_WARN_UNDECLARED_SELECTOR = YES;
				GCC_WARN_UNINITIALIZED_AUTOS = YES_AGGRESSIVE;
				GCC_WARN_UNUSED_FUNCTION = YES;
				GCC_WARN_UNUSED_VARIABLE = YES;
				MACOSX_DEPLOYMENT_TARGET = 10.13;
				MTL_ENABLE_DEBUG_INFO = NO;
				SDKROOT = macosx;
				SWIFT_OPTIMIZATION_LEVEL = "-Owholemodule";
			};
			name = Release;
		};
		FEF13C3A21257940006EECE0 /* Debug */ = {
			isa = XCBuildConfiguration;
			baseConfigurationReference = 342C1CB014EDBA9504D9B7B0 /* Pods-tj-vcam.debug.xcconfig */;
			buildSettings = {
				CODE_SIGN_STYLE = Automatic;
				PRODUCT_NAME = "$(TARGET_NAME)";
				SWIFT_VERSION = 4.0;
			};
			name = Debug;
		};
		FEF13C3B21257940006EECE0 /* Release */ = {
			isa = XCBuildConfiguration;
			baseConfigurationReference = 8D0C70199DC45A54225A7CBE /* Pods-tj-vcam.release.xcconfig */;
			buildSettings = {
				CODE_SIGN_STYLE = Automatic;
				PRODUCT_NAME = "$(TARGET_NAME)";
				SWIFT_VERSION = 4.0;
			};
			name = Release;
		};
/* End XCBuildConfiguration section */

/* Begin XCConfigurationList section */
		FEF13C2D21257940006EECE0 /* Build configuration list for PBXProject "tj-vcam" */ = {
			isa = XCConfigurationList;
			buildConfigurations = (
				FEF13C3721257940006EECE0 /* Debug */,
				FEF13C3821257940006EECE0 /* Release */,
			);
			defaultConfigurationIsVisible = 0;
			defaultConfigurationName = Release;
		};
		FEF13C3921257940006EECE0 /* Build configuration list for PBXNativeTarget "tj-vcam" */ = {
			isa = XCConfigurationList;
			buildConfigurations = (
				FEF13C3A21257940006EECE0 /* Debug */,
				FEF13C3B21257940006EECE0 /* Release */,
			);
			defaultConfigurationIsVisible = 0;
			defaultConfigurationName = Release;
		};
/* End XCConfigurationList section */
	};
	rootObject = FEF13C2A21257940006EECE0 /* Project object */;
}
